github.com/dave/jennifer v1.0.0 h1:bi35eelPIM6eJ8X5aCUDwsKa7v50PaY7Yg7DKIoIKYk=
github.com/dave/jennifer v1.0.0/go.mod h1:fIb+770HOpJ2fmN9EPPKOqm1vMGhB+TwXKMZhrIygKg=
modernc.org/golex v1.1.0 h1:dmSaksHMd+y6NkBsRsCShNPRaSNCNH+abrVm5/gZic8=
modernc.org/golex v1.1.0/go.mod h1:2pVlfqApurXhR1m0N+WDYu6Twnc4QuvO4+U8HnwoiRA=
